
Microsoft Visual Studio Solution File, Format Version 12.00
# Visual Studio Version 16
VisualStudioVersion = 16.0.31205.134
MinimumVisualStudioVersion = 10.0.40219.1
Project("{888888A0-9F3D-457C-B088-3A5042F75D52}") = "Age_In_Days", "Age_In_Days.pyproj", "{E7FFE188-1523-46EE-919D-24135D08985A}"
EndProject
Global
	GlobalSection(SolutionConfigurationPlatforms) = preSolution
		Debug|Any CPU = Debug|Any CPU
		Release|Any CPU = Release|Any CPU
	EndGlobalSection
	GlobalSection(ProjectConfigurationPlatforms) = postSolution
		{E7FFE188-1523-46EE-919D-24135D08985A}.Debug|Any CPU.ActiveCfg = Debug|Any CPU
		{E7FFE188-1523-46EE-919D-24135D08985A}.Release|Any CPU.ActiveCfg = Release|Any CPU
	EndGlobalSection
	GlobalSection(SolutionProperties) = preSolution
		HideSolutionNode = FALSE
	EndGlobalSection
	GlobalSection(ExtensibilityGlobals) = postSolution
		SolutionGuid = {B511237E-E78E-4961-8413-41E7FD89B88B}
	EndGlobalSection
EndGlobal
